<?xml version="1.0" encoding="utf-8"?>
<Project ToolsVersion="4.0" xmlns="http://schemas.microsoft.com/developer/msbuild/2003">
  <ItemGroup>
    <Filter Include="Source Files">
      <UniqueIdentifier>{4FC737F1-C7A5-4376-A066-2A32D752A2FF}</UniqueIdentifier>
      <Extensions>cpp;c;cc;cxx;def;odl;idl;hpj;bat;asm;asmx</Extensions>
    </Filter>
    <Filter Include="Header Files">
      <UniqueIdentifier>{93995380-89BD-4b04-88EB-625FBE52EBFB}</UniqueIdentifier>
      <Extensions>h;hpp;hxx;hm;inl;inc;xsd</Extensions>
    </Filter>
    <Filter Include="Resource Files">
      <UniqueIdentifier>{67DA6AB6-F800-4c08-8B7A-83BB121AAD01}</UniqueIdentifier>
      <Extensions>rc;ico;cur;bmp;dlg;rc2;rct;bin;rgs;gif;jpg;jpeg;jpe;resx;tiff;tif;png;wav</Extensions>
    </Filter>
  </ItemGroup>
  <ItemGroup>
    <ClCompile Include="hub\hub_scheduling.cpp">
      <Filter>Source Files</Filter>
    </ClCompile>
    <ClCompile Include="hub\hub_topology.cpp">
      <Filter>Source Files</Filter>
    </ClCompile>
    <ClCompile Include="stream\stream_monitor.cpp">
      <Filter>Source Files</Filter>
    </ClCompile>
    <ClCompile Include="stream\stream_topology.cpp">
      <Filter>Source Files</Filter>
    </ClCompile>
    <ClCompile Include="stream\stream_scheduling.cpp">
      <Filter>Source Files</Filter>
    </ClCompile>
    <ClCompile Include="stun\stun.cpp">
      <Filter>Source Files</Filter>
    </ClCompile>
    <ClCompile Include="stun\udp.cpp">
      <Filter>Source Files</Filter>
    </ClCompile>
    <ClCompile Include="client_service_logic.cpp">
      <Filter>Source Files</Filter>
    </ClCompile>
    <ClCompile Include="nat.cpp">
      <Filter>Source Files</Filter>
    </ClCompile>
    <ClCompile Include="peer.cpp">
      <Filter>Source Files</Filter>
    </ClCompile>
    <ClCompile Include="cache\cache_service.cpp">
      <Filter>Source Files</Filter>
    </ClCompile>
    <ClCompile Include="stream\stream_seed.cpp">
      <Filter>Source Files</Filter>
    </ClCompile>
    <ClCompile Include="stream\heuristic_scheduling_strategy.cpp">
      <Filter>Source Files</Filter>
    </ClCompile>
    <ClCompile Include="stream\absent_packet_list.cpp">
      <Filter>Source Files</Filter>
    </ClCompile>
    <ClCompile Include="stream\buffer_manager.cpp">
      <Filter>Source Files</Filter>
    </ClCompile>
    <ClCompile Include="stream\live_media_dispatcher.cpp">
      <Filter>Source Files</Filter>
    </ClCompile>
    <ClCompile Include="stream\media_dispatcher.cpp">
      <Filter>Source Files</Filter>
    </ClCompile>
    <ClCompile Include="stream\vod_media_dispatcher.cpp">
      <Filter>Source Files</Filter>
    </ClCompile>
    <ClCompile Include="stream\scheduling_typedef.cpp">
      <Filter>Source Files</Filter>
    </ClCompile>
    <ClCompile Include="neighbor_map.cpp">
      <Filter>Source Files</Filter>
    </ClCompile>
    <ClCompile Include="peer_connection.cpp">
      <Filter>Source Files</Filter>
    </ClCompile>
    <ClCompile Include="client_service.cpp">
      <Filter>Source Files</Filter>
    </ClCompile>
    <ClCompile Include="pa_handler.cpp">
      <Filter>Source Files</Filter>
    </ClCompile>
    <ClCompile Include="overlay.cpp">
      <Filter>Source Files</Filter>
    </ClCompile>
    <ClCompile Include="tracker_manager.cpp">
      <Filter>Source Files</Filter>
    </ClCompile>
    <ClCompile Include="stream\absent_packet_info.cpp">
      <Filter>Source Files</Filter>
    </ClCompile>
  </ItemGroup>
  <ItemGroup>
    <ClInclude Include="include\client\logging.h">
      <Filter>Header Files</Filter>
    </ClInclude>
    <ClInclude Include="hub\hub_scheduling.h">
      <Filter>Header Files</Filter>
    </ClInclude>
    <ClInclude Include="hub\hub_topology.h">
      <Filter>Header Files</Filter>
    </ClInclude>
    <ClInclude Include="typedef.h">
      <Filter>Header Files</Filter>
    </ClInclude>
    <ClInclude Include="stream\stream_monitor.h">
      <Filter>Header Files</Filter>
    </ClInclude>
    <ClInclude Include="stream\stream_scheduling.h">
      <Filter>Header Files</Filter>
    </ClInclude>
    <ClInclude Include="stream\stream_topology.h">
      <Filter>Header Files</Filter>
    </ClInclude>
    <ClInclude Include="stun\stun.h">
      <Filter>Header Files</Filter>
    </ClInclude>
    <ClInclude Include="stun\udp.h">
      <Filter>Header Files</Filter>
    </ClInclude>
    <ClInclude Include="client_service.h">
      <Filter>Header Files</Filter>
    </ClInclude>
    <ClInclude Include="client_service_logic.h">
      <Filter>Header Files</Filter>
    </ClInclude>
    <ClInclude Include="nat.h">
      <Filter>Header Files</Filter>
    </ClInclude>
    <ClInclude Include="peer.h">
      <Filter>Header Files</Filter>
    </ClInclude>
    <ClInclude Include="peer_connection.h">
      <Filter>Header Files</Filter>
    </ClInclude>
    <ClInclude Include="cache\cache_service.h">
      <Filter>Header Files</Filter>
    </ClInclude>
    <ClInclude Include="local_param.h">
      <Filter>Header Files</Filter>
    </ClInclude>
    <ClInclude Include="scheduling_base.h">
      <Filter>Header Files</Filter>
    </ClInclude>
    <ClInclude Include="stream\stream_seed.h">
      <Filter>Header Files</Filter>
    </ClInclude>
    <ClInclude Include="stream\heuristic_scheduling_strategy.h">
      <Filter>Header Files</Filter>
    </ClInclude>
    <ClInclude Include="stream\absent_packet_list.h">
      <Filter>Header Files</Filter>
    </ClInclude>
    <ClInclude Include="stream\buffer_manager.h">
      <Filter>Header Files</Filter>
    </ClInclude>
    <ClInclude Include="stream\live_media_dispatcher.h">
      <Filter>Header Files</Filter>
    </ClInclude>
    <ClInclude Include="stream\media_dispatcher.h">
      <Filter>Header Files</Filter>
    </ClInclude>
    <ClInclude Include="stream\vod_media_dispatcher.h">
      <Filter>Header Files</Filter>
    </ClInclude>
    <ClInclude Include="stream\scheduling_typedef.h">
      <Filter>Header Files</Filter>
    </ClInclude>
    <ClInclude Include="neighbor_map.h">
      <Filter>Header Files</Filter>
    </ClInclude>
    <ClInclude Include="pa_handler.h">
      <Filter>Header Files</Filter>
    </ClInclude>
    <ClInclude Include="overlay.h">
      <Filter>Header Files</Filter>
    </ClInclude>
    <ClInclude Include="tracker_manager.h">
      <Filter>Header Files</Filter>
    </ClInclude>
    <ClInclude Include="stream\absent_packet_info.h">
      <Filter>Header Files</Filter>
    </ClInclude>
  </ItemGroup>
</Project>